
Microsoft Visual Studio Solution File, Format Version 12.00
# Visual Studio Version 16
VisualStudioVersion = 16.0.30503.244
MinimumVisualStudioVersion = 10.0.40219.1
Project("{FAE04EC0-301F-11D3-BF4B-00C04F79EFBC}") = "WhatProject", "WhatProject\WhatProject.csproj", "{286C926F-8BAE-41C0-8B7B-BF62AEACF146}"
EndProject
Global
	GlobalSection(SolutionConfigurationPlatforms) = preSolution
		Debug|Any CPU = Debug|Any CPU
		Release|Any CPU = Release|Any CPU
	EndGlobalSection
	GlobalSection(ProjectConfigurationPlatforms) = postSolution
		{286C926F-8BAE-41C0-8B7B-BF62AEACF146}.Debug|Any CPU.ActiveCfg = Debug|Any CPU
		{286C926F-8BAE-41C0-8B7B-BF62AEACF146}.Debug|Any CPU.Build.0 = Debug|Any CPU
		{286C926F-8BAE-41C0-8B7B-BF62AEACF146}.Release|Any CPU.ActiveCfg = Release|Any CPU
		{286C926F-8BAE-41C0-8B7B-BF62AEACF146}.Release|Any CPU.Build.0 = Release|Any CPU
	EndGlobalSection
	GlobalSection(SolutionProperties) = preSolution
		HideSolutionNode = FALSE
	EndGlobalSection
	GlobalSection(ExtensibilityGlobals) = postSolution
		SolutionGuid = {7F1EF22C-68E7-4069-8752-49ACBF91E453}
	EndGlobalSection
EndGlobal
